{
  "requires": true,
  "lockfileVersion": 1,
  "dependencies": {
    "classnames": {
      "version": "2.2.6",
      "resolved": "https://registry.npmjs.org/classnames/-/classnames-2.2.6.tgz",
      "integrity": "sha512-JR/iSQOSt+LQIWwrwEzJ9uk0xfN3mTVYMwt1Ir5mUcSN6pU+V4zQFFaJsclJbPuAUQH+yfWef6tm7l1quW3C8Q=="
    },
    "react-table-v6": {
      "version": "6.8.6",
      "resolved": "https://registry.npmjs.org/react-table-v6/-/react-table-v6-6.8.6.tgz",
      "integrity": "sha512-jxo20BTIU/tQxToOZFnfr0V123VSQ2kNdxR+JbA7V4Zfj1jNtBaiFW/lYgVwejnbnUOuj96pV8Dd+yXXMdAMDA==",
      "requires": {
        "classnames": "^2.2.5"
      }
    }
  }
}
